
Microsoft Visual Studio Solution File, Format Version 12.00
# Visual Studio Version 18
VisualStudioVersion = 18.5.11709.299 stable
MinimumVisualStudioVersion = 10.0.40219.1
Project("{FAE04EC0-301F-11D3-BF4B-00C04F79EFBC}") = "FartmaalerAPI", "FartmaalerAPI\FartmaalerAPI.csproj", "{9541E4EC-5B21-4F1C-89C9-713789DA5721}"
EndProject
Project("{FAE04EC0-301F-11D3-BF4B-00C04F79EFBC}") = "TestProject1", "TestProject1\TestProject1.csproj", "{78138C8B-CDDD-4375-924C-5155C93C4BC1}"
EndProject
Global
	GlobalSection(SolutionConfigurationPlatforms) = preSolution
		Debug|Any CPU = Debug|Any CPU
		Release|Any CPU = Release|Any CPU
	EndGlobalSection
	GlobalSection(ProjectConfigurationPlatforms) = postSolution
		{9541E4EC-5B21-4F1C-89C9-713789DA5721}.Debug|Any CPU.ActiveCfg = Debug|Any CPU
		{9541E4EC-5B21-4F1C-89C9-713789DA5721}.Debug|Any CPU.Build.0 = Debug|Any CPU
		{9541E4EC-5B21-4F1C-89C9-713789DA5721}.Release|Any CPU.ActiveCfg = Release|Any CPU
		{9541E4EC-5B21-4F1C-89C9-713789DA5721}.Release|Any CPU.Build.0 = Release|Any CPU
		{78138C8B-CDDD-4375-924C-5155C93C4BC1}.Debug|Any CPU.ActiveCfg = Debug|Any CPU
		{78138C8B-CDDD-4375-924C-5155C93C4BC1}.Debug|Any CPU.Build.0 = Debug|Any CPU
		{78138C8B-CDDD-4375-924C-5155C93C4BC1}.Release|Any CPU.ActiveCfg = Release|Any CPU
		{78138C8B-CDDD-4375-924C-5155C93C4BC1}.Release|Any CPU.Build.0 = Release|Any CPU
	EndGlobalSection
	GlobalSection(SolutionProperties) = preSolution
		HideSolutionNode = FALSE
	EndGlobalSection
	GlobalSection(ExtensibilityGlobals) = postSolution
		SolutionGuid = {E2FC3777-6D2C-45C8-B136-E8C2ED35C57E}
	EndGlobalSection
EndGlobal
